
Microsoft Visual Studio Solution File, Format Version 12.00
# Visual Studio Version 17
VisualStudioVersion = 17.0.31903.59
MinimumVisualStudioVersion = 10.0.40219.1
Project("{FAE04EC0-301F-11D3-BF4B-00C04F79EFBC}") = "näsan2", "näsan2\näsan2.csproj", "{8D516BE5-14C3-4B8D-BA64-62BE375C9025}"
EndProject
Global
	GlobalSection(SolutionConfigurationPlatforms) = preSolution
		Debug|Any CPU = Debug|Any CPU
		Release|Any CPU = Release|Any CPU
	EndGlobalSection
	GlobalSection(SolutionProperties) = preSolution
		HideSolutionNode = FALSE
	EndGlobalSection
	GlobalSection(ProjectConfigurationPlatforms) = postSolution
		{8D516BE5-14C3-4B8D-BA64-62BE375C9025}.Debug|Any CPU.ActiveCfg = Debug|Any CPU
		{8D516BE5-14C3-4B8D-BA64-62BE375C9025}.Debug|Any CPU.Build.0 = Debug|Any CPU
		{8D516BE5-14C3-4B8D-BA64-62BE375C9025}.Release|Any CPU.ActiveCfg = Release|Any CPU
		{8D516BE5-14C3-4B8D-BA64-62BE375C9025}.Release|Any CPU.Build.0 = Release|Any CPU
	EndGlobalSection
EndGlobal
